
Microsoft Visual Studio Solution File, Format Version 12.00
# Visual Studio Version 16
VisualStudioVersion = 16.0.30002.166
MinimumVisualStudioVersion = 10.0.40219.1
Project("{FAE04EC0-301F-11D3-BF4B-00C04F79EFBC}") = "KinderGarten", "KinderGarten\KinderGarten.csproj", "{2A2D909C-AE3E-4029-99E4-488557651011}"
EndProject
Project("{FAE04EC0-301F-11D3-BF4B-00C04F79EFBC}") = "DataStructure", "DataStructure\DataStructure.csproj", "{88185501-5BFA-496B-AE36-52F2BF2D8B4D}"
EndProject
Project("{FAE04EC0-301F-11D3-BF4B-00C04F79EFBC}") = "DataAccess", "DataAccess\DataAccess.csproj", "{6C7D09EB-9D12-485B-BC2B-B7307AF3A0B9}"
EndProject
Global
	GlobalSection(SolutionConfigurationPlatforms) = preSolution
		Debug|Any CPU = Debug|Any CPU
		Release|Any CPU = Release|Any CPU
	EndGlobalSection
	GlobalSection(ProjectConfigurationPlatforms) = postSolution
		{2A2D909C-AE3E-4029-99E4-488557651011}.Debug|Any CPU.ActiveCfg = Debug|Any CPU
		{2A2D909C-AE3E-4029-99E4-488557651011}.Debug|Any CPU.Build.0 = Debug|Any CPU
		{2A2D909C-AE3E-4029-99E4-488557651011}.Release|Any CPU.ActiveCfg = Release|Any CPU
		{2A2D909C-AE3E-4029-99E4-488557651011}.Release|Any CPU.Build.0 = Release|Any CPU
		{88185501-5BFA-496B-AE36-52F2BF2D8B4D}.Debug|Any CPU.ActiveCfg = Debug|Any CPU
		{88185501-5BFA-496B-AE36-52F2BF2D8B4D}.Debug|Any CPU.Build.0 = Debug|Any CPU
		{88185501-5BFA-496B-AE36-52F2BF2D8B4D}.Release|Any CPU.ActiveCfg = Release|Any CPU
		{88185501-5BFA-496B-AE36-52F2BF2D8B4D}.Release|Any CPU.Build.0 = Release|Any CPU
		{6C7D09EB-9D12-485B-BC2B-B7307AF3A0B9}.Debug|Any CPU.ActiveCfg = Debug|Any CPU
		{6C7D09EB-9D12-485B-BC2B-B7307AF3A0B9}.Debug|Any CPU.Build.0 = Debug|Any CPU
		{6C7D09EB-9D12-485B-BC2B-B7307AF3A0B9}.Release|Any CPU.ActiveCfg = Release|Any CPU
		{6C7D09EB-9D12-485B-BC2B-B7307AF3A0B9}.Release|Any CPU.Build.0 = Release|Any CPU
	EndGlobalSection
	GlobalSection(SolutionProperties) = preSolution
		HideSolutionNode = FALSE
	EndGlobalSection
	GlobalSection(ExtensibilityGlobals) = postSolution
		SolutionGuid = {AF60CA71-E4C8-4361-915D-5A94853C6267}
	EndGlobalSection
EndGlobal
